
Microsoft Visual Studio Solution File, Format Version 12.00
# Visual Studio Version 17
VisualStudioVersion = 17.14.36908.2 d17.14
MinimumVisualStudioVersion = 10.0.40219.1
Project("{FAE04EC0-301F-11D3-BF4B-00C04F79EFBC}") = "NUTRITRACK", "NUTRITRACK\NUTRITRACK.csproj", "{79DF05A8-7B68-4B8B-8575-934F9096A373}"
EndProject
Global
	GlobalSection(SolutionConfigurationPlatforms) = preSolution
		Debug|Any CPU = Debug|Any CPU
		Release|Any CPU = Release|Any CPU
	EndGlobalSection
	GlobalSection(ProjectConfigurationPlatforms) = postSolution
		{79DF05A8-7B68-4B8B-8575-934F9096A373}.Debug|Any CPU.ActiveCfg = Debug|Any CPU
		{79DF05A8-7B68-4B8B-8575-934F9096A373}.Debug|Any CPU.Build.0 = Debug|Any CPU
		{79DF05A8-7B68-4B8B-8575-934F9096A373}.Release|Any CPU.ActiveCfg = Release|Any CPU
		{79DF05A8-7B68-4B8B-8575-934F9096A373}.Release|Any CPU.Build.0 = Release|Any CPU
	EndGlobalSection
	GlobalSection(SolutionProperties) = preSolution
		HideSolutionNode = FALSE
	EndGlobalSection
	GlobalSection(ExtensibilityGlobals) = postSolution
		SolutionGuid = {A525C623-2A0D-4D8D-8521-A172E5AF9277}
	EndGlobalSection
EndGlobal
